
Microsoft Visual Studio Solution File, Format Version 12.00
# Visual Studio 2013
VisualStudioVersion = 12.0.31101.0
MinimumVisualStudioVersion = 10.0.40219.1
Project("{FAE04EC0-301F-11D3-BF4B-00C04F79EFBC}") = "Commons.Controls.Tags", "Commons.Controls.Tags\Commons.Controls.Tags.csproj", "{318E4C76-5670-4CDE-981E-907C7A383BB5}"
EndProject
Project("{FAE04EC0-301F-11D3-BF4B-00C04F79EFBC}") = "Commons.Controls.Tags.Test", "Commons.Controls.Tags.Test\Commons.Controls.Tags.Test.csproj", "{3AD8CBC4-3E3D-4574-A51B-58422D561720}"
EndProject
Global
	GlobalSection(SolutionConfigurationPlatforms) = preSolution
		Debug|Any CPU = Debug|Any CPU
		Release|Any CPU = Release|Any CPU
	EndGlobalSection
	GlobalSection(ProjectConfigurationPlatforms) = postSolution
		{318E4C76-5670-4CDE-981E-907C7A383BB5}.Debug|Any CPU.ActiveCfg = Debug|Any CPU
		{318E4C76-5670-4CDE-981E-907C7A383BB5}.Debug|Any CPU.Build.0 = Debug|Any CPU
		{318E4C76-5670-4CDE-981E-907C7A383BB5}.Release|Any CPU.ActiveCfg = Release|Any CPU
		{318E4C76-5670-4CDE-981E-907C7A383BB5}.Release|Any CPU.Build.0 = Release|Any CPU
		{3AD8CBC4-3E3D-4574-A51B-58422D561720}.Debug|Any CPU.ActiveCfg = Debug|Any CPU
		{3AD8CBC4-3E3D-4574-A51B-58422D561720}.Debug|Any CPU.Build.0 = Debug|Any CPU
		{3AD8CBC4-3E3D-4574-A51B-58422D561720}.Release|Any CPU.ActiveCfg = Release|Any CPU
		{3AD8CBC4-3E3D-4574-A51B-58422D561720}.Release|Any CPU.Build.0 = Release|Any CPU
	EndGlobalSection
	GlobalSection(SolutionProperties) = preSolution
		HideSolutionNode = FALSE
	EndGlobalSection
EndGlobal
